
Microsoft Visual Studio Solution File, Format Version 12.00
# Visual Studio 15
VisualStudioVersion = 15.0.28010.2019
MinimumVisualStudioVersion = 10.0.40219.1
Project("{FAE04EC0-301F-11D3-BF4B-00C04F79EFBC}") = "TrustFrontend.Android", "TrustFrontend\TrustFrontend.Android\TrustFrontend.Android.csproj", "{97CB65AD-8B35-4AEC-9984-5C7151FA3641}"
EndProject
Project("{FAE04EC0-301F-11D3-BF4B-00C04F79EFBC}") = "TrustFrontend.iOS", "TrustFrontend\TrustFrontend.iOS\TrustFrontend.iOS.csproj", "{D96A25A5-1936-417F-A0AA-70C327CC3062}"
EndProject
Project("{FAE04EC0-301F-11D3-BF4B-00C04F79EFBC}") = "TrustFrontend.UWP", "TrustFrontend\TrustFrontend.UWP\TrustFrontend.UWP.csproj", "{2EAC654F-A46D-43D1-A93C-879590ADDB19}"
EndProject
Project("{9A19103F-16F7-4668-BE54-9A1E7A4F7556}") = "TrustFrontend", "TrustFrontend\TrustFrontend\TrustFrontend.csproj", "{E24C2DD5-7029-495A-ACFD-313E26420DC4}"
EndProject
Project("{9A19103F-16F7-4668-BE54-9A1E7A4F7556}") = "ServerLib", "SeverLib\ServerLib.csproj", "{A6AACD1E-730D-4792-A3A6-6B705EA2850F}"
EndProject
Global
	GlobalSection(SolutionConfigurationPlatforms) = preSolution
		Ad-Hoc|Any CPU = Ad-Hoc|Any CPU
		Ad-Hoc|ARM = Ad-Hoc|ARM
		Ad-Hoc|iPhone = Ad-Hoc|iPhone
		Ad-Hoc|iPhoneSimulator = Ad-Hoc|iPhoneSimulator
		Ad-Hoc|x64 = Ad-Hoc|x64
		Ad-Hoc|x86 = Ad-Hoc|x86
		AppStore|Any CPU = AppStore|Any CPU
		AppStore|ARM = AppStore|ARM
		AppStore|iPhone = AppStore|iPhone
		AppStore|iPhoneSimulator = AppStore|iPhoneSimulator
		AppStore|x64 = AppStore|x64
		AppStore|x86 = AppStore|x86
		Debug|Any CPU = Debug|Any CPU
		Debug|ARM = Debug|ARM
		Debug|iPhone = Debug|iPhone
		Debug|iPhoneSimulator = Debug|iPhoneSimulator
		Debug|x64 = Debug|x64
		Debug|x86 = Debug|x86
		Release|Any CPU = Release|Any CPU
		Release|ARM = Release|ARM
		Release|iPhone = Release|iPhone
		Release|iPhoneSimulator = Release|iPhoneSimulator
		Release|x64 = Release|x64
		Release|x86 = Release|x86
	EndGlobalSection
	GlobalSection(ProjectConfigurationPlatforms) = postSolution
		{97CB65AD-8B35-4AEC-9984-5C7151FA3641}.Ad-Hoc|Any CPU.ActiveCfg = Release|Any CPU
		{97CB65AD-8B35-4AEC-9984-5C7151FA3641}.Ad-Hoc|Any CPU.Build.0 = Release|Any CPU
		{97CB65AD-8B35-4AEC-9984-5C7151FA3641}.Ad-Hoc|Any CPU.Deploy.0 = Release|Any CPU
		{97CB65AD-8B35-4AEC-9984-5C7151FA3641}.Ad-Hoc|ARM.ActiveCfg = Release|Any CPU
		{97CB65AD-8B35-4AEC-9984-5C7151FA3641}.Ad-Hoc|ARM.Build.0 = Release|Any CPU
		{97CB65AD-8B35-4AEC-9984-5C7151FA3641}.Ad-Hoc|ARM.Deploy.0 = Release|Any CPU
		{97CB65AD-8B35-4AEC-9984-5C7151FA3641}.Ad-Hoc|iPhone.ActiveCfg = Release|Any CPU
		{97CB65AD-8B35-4AEC-9984-5C7151FA3641}.Ad-Hoc|iPhone.Build.0 = Release|Any CPU
		{97CB65AD-8B35-4AEC-9984-5C7151FA3641}.Ad-Hoc|iPhone.Deploy.0 = Release|Any CPU
		{97CB65AD-8B35-4AEC-9984-5C7151FA3641}.Ad-Hoc|iPhoneSimulator.ActiveCfg = Release|Any CPU
		{97CB65AD-8B35-4AEC-9984-5C7151FA3641}.Ad-Hoc|iPhoneSimulator.Build.0 = Release|Any CPU
		{97CB65AD-8B35-4AEC-9984-5C7151FA3641}.Ad-Hoc|iPhoneSimulator.Deploy.0 = Release|Any CPU
		{97CB65AD-8B35-4AEC-9984-5C7151FA3641}.Ad-Hoc|x64.ActiveCfg = Release|Any CPU
		{97CB65AD-8B35-4AEC-9984-5C7151FA3641}.Ad-Hoc|x64.Build.0 = Release|Any CPU
		{97CB65AD-8B35-4AEC-9984-5C7151FA3641}.Ad-Hoc|x64.Deploy.0 = Release|Any CPU
		{97CB65AD-8B35-4AEC-9984-5C7151FA3641}.Ad-Hoc|x86.ActiveCfg = Release|Any CPU
		{97CB65AD-8B35-4AEC-9984-5C7151FA3641}.Ad-Hoc|x86.Build.0 = Release|Any CPU
		{97CB65AD-8B35-4AEC-9984-5C7151FA3641}.Ad-Hoc|x86.Deploy.0 = Release|Any CPU
		{97CB65AD-8B35-4AEC-9984-5C7151FA3641}.AppStore|Any CPU.ActiveCfg = Release|Any CPU
		{97CB65AD-8B35-4AEC-9984-5C7151FA3641}.AppStore|Any CPU.Build.0 = Release|Any CPU
		{97CB65AD-8B35-4AEC-9984-5C7151FA3641}.AppStore|Any CPU.Deploy.0 = Release|Any CPU
		{97CB65AD-8B35-4AEC-9984-5C7151FA3641}.AppStore|ARM.ActiveCfg = Release|Any CPU
		{97CB65AD-8B35-4AEC-9984-5C7151FA3641}.AppStore|ARM.Build.0 = Release|Any CPU
		{97CB65AD-8B35-4AEC-9984-5C7151FA3641}.AppStore|ARM.Deploy.0 = Release|Any CPU
		{97CB65AD-8B35-4AEC-9984-5C7151FA3641}.AppStore|iPhone.ActiveCfg = Release|Any CPU
		{97CB65AD-8B35-4AEC-9984-5C7151FA3641}.AppStore|iPhone.Build.0 = Release|Any CPU
		{97CB65AD-8B35-4AEC-9984-5C7151FA3641}.AppStore|iPhone.Deploy.0 = Release|Any CPU
		{97CB65AD-8B35-4AEC-9984-5C7151FA3641}.AppStore|iPhoneSimulator.ActiveCfg = Release|Any CPU
		{97CB65AD-8B35-4AEC-9984-5C7151FA3641}.AppStore|iPhoneSimulator.Build.0 = Release|Any CPU
		{97CB65AD-8B35-4AEC-9984-5C7151FA3641}.AppStore|iPhoneSimulator.Deploy.0 = Release|Any CPU
		{97CB65AD-8B35-4AEC-9984-5C7151FA3641}.AppStore|x64.ActiveCfg = Release|Any CPU
		{97CB65AD-8B35-4AEC-9984-5C7151FA3641}.AppStore|x64.Build.0 = Release|Any CPU
		{97CB65AD-8B35-4AEC-9984-5C7151FA3641}.AppStore|x64.Deploy.0 = Release|Any CPU
		{97CB65AD-8B35-4AEC-9984-5C7151FA3641}.AppStore|x86.ActiveCfg = Release|Any CPU
		{97CB65AD-8B35-4AEC-9984-5C7151FA3641}.AppStore|x86.Build.0 = Release|Any CPU
		{97CB65AD-8B35-4AEC-9984-5C7151FA3641}.AppStore|x86.Deploy.0 = Release|Any CPU
		{97CB65AD-8B35-4AEC-9984-5C7151FA3641}.Debug|Any CPU.ActiveCfg = Debug|Any CPU
		{97CB65AD-8B35-4AEC-9984-5C7151FA3641}.Debug|Any CPU.Build.0 = Debug|Any CPU
		{97CB65AD-8B35-4AEC-9984-5C7151FA3641}.Debug|Any CPU.Deploy.0 = Debug|Any CPU
		{97CB65AD-8B35-4AEC-9984-5C7151FA3641}.Debug|ARM.ActiveCfg = Debug|Any CPU
		{97CB65AD-8B35-4AEC-9984-5C7151FA3641}.Debug|ARM.Build.0 = Debug|Any CPU
		{97CB65AD-8B35-4AEC-9984-5C7151FA3641}.Debug|ARM.Deploy.0 = Debug|Any CPU
		{97CB65AD-8B35-4AEC-9984-5C7151FA3641}.Debug|iPhone.ActiveCfg = Debug|Any CPU
		{97CB65AD-8B35-4AEC-9984-5C7151FA3641}.Debug|iPhone.Build.0 = Debug|Any CPU
		{97CB65AD-8B35-4AEC-9984-5C7151FA3641}.Debug|iPhone.Deploy.0 = Debug|Any CPU
		{97CB65AD-8B35-4AEC-9984-5C7151FA3641}.Debug|iPhoneSimulator.ActiveCfg = Debug|Any CPU
		{97CB65AD-8B35-4AEC-9984-5C7151FA3641}.Debug|iPhoneSimulator.Build.0 = Debug|Any CPU
		{97CB65AD-8B35-4AEC-9984-5C7151FA3641}.Debug|iPhoneSimulator.Deploy.0 = Debug|Any CPU
		{97CB65AD-8B35-4AEC-9984-5C7151FA3641}.Debug|x64.ActiveCfg = Debug|Any CPU
		{97CB65AD-8B35-4AEC-9984-5C7151FA3641}.Debug|x64.Build.0 = Debug|Any CPU
		{97CB65AD-8B35-4AEC-9984-5C7151FA3641}.Debug|x64.Deploy.0 = Debug|Any CPU
		{97CB65AD-8B35-4AEC-9984-5C7151FA3641}.Debug|x86.ActiveCfg = Debug|Any CPU
		{97CB65AD-8B35-4AEC-9984-5C7151FA3641}.Debug|x86.Build.0 = Debug|Any CPU
		{97CB65AD-8B35-4AEC-9984-5C7151FA3641}.Debug|x86.Deploy.0 = Debug|Any CPU
		{97CB65AD-8B35-4AEC-9984-5C7151FA3641}.Release|Any CPU.ActiveCfg = Release|Any CPU
		{97CB65AD-8B35-4AEC-9984-5C7151FA3641}.Release|Any CPU.Build.0 = Release|Any CPU
		{97CB65AD-8B35-4AEC-9984-5C7151FA3641}.Release|Any CPU.Deploy.0 = Release|Any CPU
		{97CB65AD-8B35-4AEC-9984-5C7151FA3641}.Release|ARM.ActiveCfg = Release|Any CPU
		{97CB65AD-8B35-4AEC-9984-5C7151FA3641}.Release|ARM.Build.0 = Release|Any CPU
		{97CB65AD-8B35-4AEC-9984-5C7151FA3641}.Release|ARM.Deploy.0 = Release|Any CPU
		{97CB65AD-8B35-4AEC-9984-5C7151FA3641}.Release|iPhone.ActiveCfg = Release|Any CPU
		{97CB65AD-8B35-4AEC-9984-5C7151FA3641}.Release|iPhone.Build.0 = Release|Any CPU
		{97CB65AD-8B35-4AEC-9984-5C7151FA3641}.Release|iPhone.Deploy.0 = Release|Any CPU
		{97CB65AD-8B35-4AEC-9984-5C7151FA3641}.Release|iPhoneSimulator.ActiveCfg = Release|Any CPU
		{97CB65AD-8B35-4AEC-9984-5C7151FA3641}.Release|iPhoneSimulator.Build.0 = Release|Any CPU
		{97CB65AD-8B35-4AEC-9984-5C7151FA3641}.Release|iPhoneSimulator.Deploy.0 = Release|Any CPU
		{97CB65AD-8B35-4AEC-9984-5C7151FA3641}.Release|x64.ActiveCfg = Release|Any CPU
		{97CB65AD-8B35-4AEC-9984-5C7151FA3641}.Release|x64.Build.0 = Release|Any CPU
		{97CB65AD-8B35-4AEC-9984-5C7151FA3641}.Release|x64.Deploy.0 = Release|Any CPU
		{97CB65AD-8B35-4AEC-9984-5C7151FA3641}.Release|x86.ActiveCfg = Release|Any CPU
		{97CB65AD-8B35-4AEC-9984-5C7151FA3641}.Release|x86.Build.0 = Release|Any CPU
		{97CB65AD-8B35-4AEC-9984-5C7151FA3641}.Release|x86.Deploy.0 = Release|Any CPU
		{D96A25A5-1936-417F-A0AA-70C327CC3062}.Ad-Hoc|Any CPU.ActiveCfg = Ad-Hoc|iPhone
		{D96A25A5-1936-417F-A0AA-70C327CC3062}.Ad-Hoc|Any CPU.Build.0 = Ad-Hoc|iPhone
		{D96A25A5-1936-417F-A0AA-70C327CC3062}.Ad-Hoc|Any CPU.Deploy.0 = Ad-Hoc|iPhone
		{D96A25A5-1936-417F-A0AA-70C327CC3062}.Ad-Hoc|ARM.ActiveCfg = Ad-Hoc|iPhone
		{D96A25A5-1936-417F-A0AA-70C327CC3062}.Ad-Hoc|ARM.Build.0 = Ad-Hoc|iPhone
		{D96A25A5-1936-417F-A0AA-70C327CC3062}.Ad-Hoc|ARM.Deploy.0 = Ad-Hoc|iPhone
		{D96A25A5-1936-417F-A0AA-70C327CC3062}.Ad-Hoc|iPhone.ActiveCfg = Ad-Hoc|iPhone
		{D96A25A5-1936-417F-A0AA-70C327CC3062}.Ad-Hoc|iPhone.Build.0 = Ad-Hoc|iPhone
		{D96A25A5-1936-417F-A0AA-70C327CC3062}.Ad-Hoc|iPhone.Deploy.0 = Ad-Hoc|iPhone
		{D96A25A5-1936-417F-A0AA-70C327CC3062}.Ad-Hoc|iPhoneSimulator.ActiveCfg = Ad-Hoc|iPhoneSimulator
		{D96A25A5-1936-417F-A0AA-70C327CC3062}.Ad-Hoc|iPhoneSimulator.Build.0 = Ad-Hoc|iPhoneSimulator
		{D96A25A5-1936-417F-A0AA-70C327CC3062}.Ad-Hoc|iPhoneSimulator.Deploy.0 = Ad-Hoc|iPhoneSimulator
		{D96A25A5-1936-417F-A0AA-70C327CC3062}.Ad-Hoc|x64.ActiveCfg = Ad-Hoc|iPhone
		{D96A25A5-1936-417F-A0AA-70C327CC3062}.Ad-Hoc|x64.Build.0 = Ad-Hoc|iPhone
		{D96A25A5-1936-417F-A0AA-70C327CC3062}.Ad-Hoc|x64.Deploy.0 = Ad-Hoc|iPhone
		{D96A25A5-1936-417F-A0AA-70C327CC3062}.Ad-Hoc|x86.ActiveCfg = Ad-Hoc|iPhone
		{D96A25A5-1936-417F-A0AA-70C327CC3062}.Ad-Hoc|x86.Build.0 = Ad-Hoc|iPhone
		{D96A25A5-1936-417F-A0AA-70C327CC3062}.Ad-Hoc|x86.Deploy.0 = Ad-Hoc|iPhone
		{D96A25A5-1936-417F-A0AA-70C327CC3062}.AppStore|Any CPU.ActiveCfg = AppStore|iPhone
		{D96A25A5-1936-417F-A0AA-70C327CC3062}.AppStore|Any CPU.Build.0 = AppStore|iPhone
		{D96A25A5-1936-417F-A0AA-70C327CC3062}.AppStore|Any CPU.Deploy.0 = AppStore|iPhone
		{D96A25A5-1936-417F-A0AA-70C327CC3062}.AppStore|ARM.ActiveCfg = AppStore|iPhone
		{D96A25A5-1936-417F-A0AA-70C327CC3062}.AppStore|ARM.Build.0 = AppStore|iPhone
		{D96A25A5-1936-417F-A0AA-70C327CC3062}.AppStore|ARM.Deploy.0 = AppStore|iPhone
		{D96A25A5-1936-417F-A0AA-70C327CC3062}.AppStore|iPhone.ActiveCfg = AppStore|iPhone
		{D96A25A5-1936-417F-A0AA-70C327CC3062}.AppStore|iPhone.Build.0 = AppStore|iPhone
		{D96A25A5-1936-417F-A0AA-70C327CC3062}.AppStore|iPhone.Deploy.0 = AppStore|iPhone
		{D96A25A5-1936-417F-A0AA-70C327CC3062}.AppStore|iPhoneSimulator.ActiveCfg = AppStore|iPhoneSimulator
		{D96A25A5-1936-417F-A0AA-70C327CC3062}.AppStore|iPhoneSimulator.Build.0 = AppStore|iPhoneSimulator
		{D96A25A5-1936-417F-A0AA-70C327CC3062}.AppStore|iPhoneSimulator.Deploy.0 = AppStore|iPhoneSimulator
		{D96A25A5-1936-417F-A0AA-70C327CC3062}.AppStore|x64.ActiveCfg = AppStore|iPhone
		{D96A25A5-1936-417F-A0AA-70C327CC3062}.AppStore|x64.Build.0 = AppStore|iPhone
		{D96A25A5-1936-417F-A0AA-70C327CC3062}.AppStore|x64.Deploy.0 = AppStore|iPhone
		{D96A25A5-1936-417F-A0AA-70C327CC3062}.AppStore|x86.ActiveCfg = AppStore|iPhone
		{D96A25A5-1936-417F-A0AA-70C327CC3062}.AppStore|x86.Build.0 = AppStore|iPhone
		{D96A25A5-1936-417F-A0AA-70C327CC3062}.AppStore|x86.Deploy.0 = AppStore|iPhone
		{D96A25A5-1936-417F-A0AA-70C327CC3062}.Debug|Any CPU.ActiveCfg = Debug|iPhoneSimulator
		{D96A25A5-1936-417F-A0AA-70C327CC3062}.Debug|Any CPU.Build.0 = Debug|iPhoneSimulator
		{D96A25A5-1936-417F-A0AA-70C327CC3062}.Debug|Any CPU.Deploy.0 = Debug|iPhoneSimulator
		{D96A25A5-1936-417F-A0AA-70C327CC3062}.Debug|ARM.ActiveCfg = Debug|iPhone
		{D96A25A5-1936-417F-A0AA-70C327CC3062}.Debug|ARM.Build.0 = Debug|iPhone
		{D96A25A5-1936-417F-A0AA-70C327CC3062}.Debug|ARM.Deploy.0 = Debug|iPhone
		{D96A25A5-1936-417F-A0AA-70C327CC3062}.Debug|iPhone.ActiveCfg = Debug|iPhone
		{D96A25A5-1936-417F-A0AA-70C327CC3062}.Debug|iPhone.Build.0 = Debug|iPhone
		{D96A25A5-1936-417F-A0AA-70C327CC3062}.Debug|iPhone.Deploy.0 = Debug|iPhone
		{D96A25A5-1936-417F-A0AA-70C327CC3062}.Debug|iPhoneSimulator.ActiveCfg = Debug|iPhoneSimulator
		{D96A25A5-1936-417F-A0AA-70C327CC3062}.Debug|iPhoneSimulator.Build.0 = Debug|iPhoneSimulator
		{D96A25A5-1936-417F-A0AA-70C327CC3062}.Debug|iPhoneSimulator.Deploy.0 = Debug|iPhoneSimulator
		{D96A25A5-1936-417F-A0AA-70C327CC3062}.Debug|x64.ActiveCfg = Debug|iPhone
		{D96A25A5-1936-417F-A0AA-70C327CC3062}.Debug|x64.Build.0 = Debug|iPhone
		{D96A25A5-1936-417F-A0AA-70C327CC3062}.Debug|x64.Deploy.0 = Debug|iPhone
		{D96A25A5-1936-417F-A0AA-70C327CC3062}.Debug|x86.ActiveCfg = Debug|iPhone
		{D96A25A5-1936-417F-A0AA-70C327CC3062}.Debug|x86.Build.0 = Debug|iPhone
		{D96A25A5-1936-417F-A0AA-70C327CC3062}.Debug|x86.Deploy.0 = Debug|iPhone
		{D96A25A5-1936-417F-A0AA-70C327CC3062}.Release|Any CPU.ActiveCfg = Release|iPhone
		{D96A25A5-1936-417F-A0AA-70C327CC3062}.Release|Any CPU.Build.0 = Release|iPhone
		{D96A25A5-1936-417F-A0AA-70C327CC3062}.Release|Any CPU.Deploy.0 = Release|iPhone
		{D96A25A5-1936-417F-A0AA-70C327CC3062}.Release|ARM.ActiveCfg = Release|iPhone
		{D96A25A5-1936-417F-A0AA-70C327CC3062}.Release|ARM.Build.0 = Release|iPhone
		{D96A25A5-1936-417F-A0AA-70C327CC3062}.Release|ARM.Deploy.0 = Release|iPhone
		{D96A25A5-1936-417F-A0AA-70C327CC3062}.Release|iPhone.ActiveCfg = Release|iPhone
		{D96A25A5-1936-417F-A0AA-70C327CC3062}.Release|iPhone.Build.0 = Release|iPhone
		{D96A25A5-1936-417F-A0AA-70C327CC3062}.Release|iPhone.Deploy.0 = Release|iPhone
		{D96A25A5-1936-417F-A0AA-70C327CC3062}.Release|iPhoneSimulator.ActiveCfg = Release|iPhoneSimulator
		{D96A25A5-1936-417F-A0AA-70C327CC3062}.Release|iPhoneSimulator.Build.0 = Release|iPhoneSimulator
		{D96A25A5-1936-417F-A0AA-70C327CC3062}.Release|iPhoneSimulator.Deploy.0 = Release|iPhoneSimulator
		{D96A25A5-1936-417F-A0AA-70C327CC3062}.Release|x64.ActiveCfg = Release|iPhone
		{D96A25A5-1936-417F-A0AA-70C327CC3062}.Release|x64.Build.0 = Release|iPhone
		{D96A25A5-1936-417F-A0AA-70C327CC3062}.Release|x64.Deploy.0 = Release|iPhone
		{D96A25A5-1936-417F-A0AA-70C327CC3062}.Release|x86.ActiveCfg = Release|iPhone
		{D96A25A5-1936-417F-A0AA-70C327CC3062}.Release|x86.Build.0 = Release|iPhone
		{D96A25A5-1936-417F-A0AA-70C327CC3062}.Release|x86.Deploy.0 = Release|iPhone
		{2EAC654F-A46D-43D1-A93C-879590ADDB19}.Ad-Hoc|Any CPU.ActiveCfg = Release|x86
		{2EAC654F-A46D-43D1-A93C-879590ADDB19}.Ad-Hoc|Any CPU.Build.0 = Release|x86
		{2EAC654F-A46D-43D1-A93C-879590ADDB19}.Ad-Hoc|Any CPU.Deploy.0 = Release|x86
		{2EAC654F-A46D-43D1-A93C-879590ADDB19}.Ad-Hoc|ARM.ActiveCfg = Release|ARM
		{2EAC654F-A46D-43D1-A93C-879590ADDB19}.Ad-Hoc|ARM.Build.0 = Release|ARM
		{2EAC654F-A46D-43D1-A93C-879590ADDB19}.Ad-Hoc|ARM.Deploy.0 = Release|ARM
		{2EAC654F-A46D-43D1-A93C-879590ADDB19}.Ad-Hoc|iPhone.ActiveCfg = Release|x86
		{2EAC654F-A46D-43D1-A93C-879590ADDB19}.Ad-Hoc|iPhone.Build.0 = Release|x86
		{2EAC654F-A46D-43D1-A93C-879590ADDB19}.Ad-Hoc|iPhone.Deploy.0 = Release|x86
		{2EAC654F-A46D-43D1-A93C-879590ADDB19}.Ad-Hoc|iPhoneSimulator.ActiveCfg = Release|x86
		{2EAC654F-A46D-43D1-A93C-879590ADDB19}.Ad-Hoc|iPhoneSimulator.Build.0 = Release|x86
		{2EAC654F-A46D-43D1-A93C-879590ADDB19}.Ad-Hoc|iPhoneSimulator.Deploy.0 = Release|x86
		{2EAC654F-A46D-43D1-A93C-879590ADDB19}.Ad-Hoc|x64.ActiveCfg = Release|x64
		{2EAC654F-A46D-43D1-A93C-879590ADDB19}.Ad-Hoc|x64.Build.0 = Release|x64
		{2EAC654F-A46D-43D1-A93C-879590ADDB19}.Ad-Hoc|x64.Deploy.0 = Release|x64
		{2EAC654F-A46D-43D1-A93C-879590ADDB19}.Ad-Hoc|x86.ActiveCfg = Release|x86
		{2EAC654F-A46D-43D1-A93C-879590ADDB19}.Ad-Hoc|x86.Build.0 = Release|x86
		{2EAC654F-A46D-43D1-A93C-879590ADDB19}.Ad-Hoc|x86.Deploy.0 = Release|x86
		{2EAC654F-A46D-43D1-A93C-879590ADDB19}.AppStore|Any CPU.ActiveCfg = Release|x86
		{2EAC654F-A46D-43D1-A93C-879590ADDB19}.AppStore|Any CPU.Build.0 = Release|x86
		{2EAC654F-A46D-43D1-A93C-879590ADDB19}.AppStore|Any CPU.Deploy.0 = Release|x86
		{2EAC654F-A46D-43D1-A93C-879590ADDB19}.AppStore|ARM.ActiveCfg = Release|ARM
		{2EAC654F-A46D-43D1-A93C-879590ADDB19}.AppStore|ARM.Build.0 = Release|ARM
		{2EAC654F-A46D-43D1-A93C-879590ADDB19}.AppStore|ARM.Deploy.0 = Release|ARM
		{2EAC654F-A46D-43D1-A93C-879590ADDB19}.AppStore|iPhone.ActiveCfg = Release|x86
		{2EAC654F-A46D-43D1-A93C-879590ADDB19}.AppStore|iPhone.Build.0 = Release|x86
		{2EAC654F-A46D-43D1-A93C-879590ADDB19}.AppStore|iPhone.Deploy.0 = Release|x86
		{2EAC654F-A46D-43D1-A93C-879590ADDB19}.AppStore|iPhoneSimulator.ActiveCfg = Release|x86
		{2EAC654F-A46D-43D1-A93C-879590ADDB19}.AppStore|iPhoneSimulator.Build.0 = Release|x86
		{2EAC654F-A46D-43D1-A93C-879590ADDB19}.AppStore|iPhoneSimulator.Deploy.0 = Release|x86
		{2EAC654F-A46D-43D1-A93C-879590ADDB19}.AppStore|x64.ActiveCfg = Release|x64
		{2EAC654F-A46D-43D1-A93C-879590ADDB19}.AppStore|x64.Build.0 = Release|x64
		{2EAC654F-A46D-43D1-A93C-879590ADDB19}.AppStore|x64.Deploy.0 = Release|x64
		{2EAC654F-A46D-43D1-A93C-879590ADDB19}.AppStore|x86.ActiveCfg = Release|x86
		{2EAC654F-A46D-43D1-A93C-879590ADDB19}.AppStore|x86.Build.0 = Release|x86
		{2EAC654F-A46D-43D1-A93C-879590ADDB19}.AppStore|x86.Deploy.0 = Release|x86
		{2EAC654F-A46D-43D1-A93C-879590ADDB19}.Debug|Any CPU.ActiveCfg = Debug|x86
		{2EAC654F-A46D-43D1-A93C-879590ADDB19}.Debug|Any CPU.Build.0 = Debug|x86
		{2EAC654F-A46D-43D1-A93C-879590ADDB19}.Debug|Any CPU.Deploy.0 = Debug|x86
		{2EAC654F-A46D-43D1-A93C-879590ADDB19}.Debug|ARM.ActiveCfg = Debug|ARM
		{2EAC654F-A46D-43D1-A93C-879590ADDB19}.Debug|ARM.Build.0 = Debug|ARM
		{2EAC654F-A46D-43D1-A93C-879590ADDB19}.Debug|ARM.Deploy.0 = Debug|ARM
		{2EAC654F-A46D-43D1-A93C-879590ADDB19}.Debug|iPhone.ActiveCfg = Debug|x86
		{2EAC654F-A46D-43D1-A93C-879590ADDB19}.Debug|iPhone.Build.0 = Debug|x86
		{2EAC654F-A46D-43D1-A93C-879590ADDB19}.Debug|iPhone.Deploy.0 = Debug|x86
		{2EAC654F-A46D-43D1-A93C-879590ADDB19}.Debug|iPhoneSimulator.ActiveCfg = Debug|x86
		{2EAC654F-A46D-43D1-A93C-879590ADDB19}.Debug|iPhoneSimulator.Build.0 = Debug|x86
		{2EAC654F-A46D-43D1-A93C-879590ADDB19}.Debug|iPhoneSimulator.Deploy.0 = Debug|x86
		{2EAC654F-A46D-43D1-A93C-879590ADDB19}.Debug|x64.ActiveCfg = Debug|x64
		{2EAC654F-A46D-43D1-A93C-879590ADDB19}.Debug|x64.Build.0 = Debug|x64
		{2EAC654F-A46D-43D1-A93C-879590ADDB19}.Debug|x64.Deploy.0 = Debug|x64
		{2EAC654F-A46D-43D1-A93C-879590ADDB19}.Debug|x86.ActiveCfg = Debug|x86
		{2EAC654F-A46D-43D1-A93C-879590ADDB19}.Debug|x86.Build.0 = Debug|x86
		{2EAC654F-A46D-43D1-A93C-879590ADDB19}.Debug|x86.Deploy.0 = Debug|x86
		{2EAC654F-A46D-43D1-A93C-879590ADDB19}.Release|Any CPU.ActiveCfg = Release|x86
		{2EAC654F-A46D-43D1-A93C-879590ADDB19}.Release|Any CPU.Build.0 = Release|x86
		{2EAC654F-A46D-43D1-A93C-879590ADDB19}.Release|Any CPU.Deploy.0 = Release|x86
		{2EAC654F-A46D-43D1-A93C-879590ADDB19}.Release|ARM.ActiveCfg = Release|ARM
		{2EAC654F-A46D-43D1-A93C-879590ADDB19}.Release|ARM.Build.0 = Release|ARM
		{2EAC654F-A46D-43D1-A93C-879590ADDB19}.Release|ARM.Deploy.0 = Release|ARM
		{2EAC654F-A46D-43D1-A93C-879590ADDB19}.Release|iPhone.ActiveCfg = Release|x86
		{2EAC654F-A46D-43D1-A93C-879590ADDB19}.Release|iPhone.Build.0 = Release|x86
		{2EAC654F-A46D-43D1-A93C-879590ADDB19}.Release|iPhone.Deploy.0 = Release|x86
		{2EAC654F-A46D-43D1-A93C-879590ADDB19}.Release|iPhoneSimulator.ActiveCfg = Release|x86
		{2EAC654F-A46D-43D1-A93C-879590ADDB19}.Release|iPhoneSimulator.Build.0 = Release|x86
		{2EAC654F-A46D-43D1-A93C-879590ADDB19}.Release|iPhoneSimulator.Deploy.0 = Release|x86
		{2EAC654F-A46D-43D1-A93C-879590ADDB19}.Release|x64.ActiveCfg = Release|x64
		{2EAC654F-A46D-43D1-A93C-879590ADDB19}.Release|x64.Build.0 = Release|x64
		{2EAC654F-A46D-43D1-A93C-879590ADDB19}.Release|x64.Deploy.0 = Release|x64
		{2EAC654F-A46D-43D1-A93C-879590ADDB19}.Release|x86.ActiveCfg = Release|x86
		{2EAC654F-A46D-43D1-A93C-879590ADDB19}.Release|x86.Build.0 = Release|x86
		{2EAC654F-A46D-43D1-A93C-879590ADDB19}.Release|x86.Deploy.0 = Release|x86
		{E24C2DD5-7029-495A-ACFD-313E26420DC4}.Ad-Hoc|Any CPU.ActiveCfg = Debug|Any CPU
		{E24C2DD5-7029-495A-ACFD-313E26420DC4}.Ad-Hoc|Any CPU.Build.0 = Debug|Any CPU
		{E24C2DD5-7029-495A-ACFD-313E26420DC4}.Ad-Hoc|Any CPU.Deploy.0 = Debug|Any CPU
		{E24C2DD5-7029-495A-ACFD-313E26420DC4}.Ad-Hoc|ARM.ActiveCfg = Debug|Any CPU
		{E24C2DD5-7029-495A-ACFD-313E26420DC4}.Ad-Hoc|ARM.Build.0 = Debug|Any CPU
		{E24C2DD5-7029-495A-ACFD-313E26420DC4}.Ad-Hoc|ARM.Deploy.0 = Debug|Any CPU
		{E24C2DD5-7029-495A-ACFD-313E26420DC4}.Ad-Hoc|iPhone.ActiveCfg = Debug|Any CPU
		{E24C2DD5-7029-495A-ACFD-313E26420DC4}.Ad-Hoc|iPhone.Build.0 = Debug|Any CPU
		{E24C2DD5-7029-495A-ACFD-313E26420DC4}.Ad-Hoc|iPhone.Deploy.0 = Debug|Any CPU
		{E24C2DD5-7029-495A-ACFD-313E26420DC4}.Ad-Hoc|iPhoneSimulator.ActiveCfg = Debug|Any CPU
		{E24C2DD5-7029-495A-ACFD-313E26420DC4}.Ad-Hoc|iPhoneSimulator.Build.0 = Debug|Any CPU
		{E24C2DD5-7029-495A-ACFD-313E26420DC4}.Ad-Hoc|iPhoneSimulator.Deploy.0 = Debug|Any CPU
		{E24C2DD5-7029-495A-ACFD-313E26420DC4}.Ad-Hoc|x64.ActiveCfg = Debug|Any CPU
		{E24C2DD5-7029-495A-ACFD-313E26420DC4}.Ad-Hoc|x64.Build.0 = Debug|Any CPU
		{E24C2DD5-7029-495A-ACFD-313E26420DC4}.Ad-Hoc|x64.Deploy.0 = Debug|Any CPU
		{E24C2DD5-7029-495A-ACFD-313E26420DC4}.Ad-Hoc|x86.ActiveCfg = Debug|Any CPU
		{E24C2DD5-7029-495A-ACFD-313E26420DC4}.Ad-Hoc|x86.Build.0 = Debug|Any CPU
		{E24C2DD5-7029-495A-ACFD-313E26420DC4}.Ad-Hoc|x86.Deploy.0 = Debug|Any CPU
		{E24C2DD5-7029-495A-ACFD-313E26420DC4}.AppStore|Any CPU.ActiveCfg = Debug|Any CPU
		{E24C2DD5-7029-495A-ACFD-313E26420DC4}.AppStore|Any CPU.Build.0 = Debug|Any CPU
		{E24C2DD5-7029-495A-ACFD-313E26420DC4}.AppStore|Any CPU.Deploy.0 = Debug|Any CPU
		{E24C2DD5-7029-495A-ACFD-313E26420DC4}.AppStore|ARM.ActiveCfg = Debug|Any CPU
		{E24C2DD5-7029-495A-ACFD-313E26420DC4}.AppStore|ARM.Build.0 = Debug|Any CPU
		{E24C2DD5-7029-495A-ACFD-313E26420DC4}.AppStore|ARM.Deploy.0 = Debug|Any CPU
		{E24C2DD5-7029-495A-ACFD-313E26420DC4}.AppStore|iPhone.ActiveCfg = Debug|Any CPU
		{E24C2DD5-7029-495A-ACFD-313E26420DC4}.AppStore|iPhone.Build.0 = Debug|Any CPU
		{E24C2DD5-7029-495A-ACFD-313E26420DC4}.AppStore|iPhone.Deploy.0 = Debug|Any CPU
		{E24C2DD5-7029-495A-ACFD-313E26420DC4}.AppStore|iPhoneSimulator.ActiveCfg = Debug|Any CPU
		{E24C2DD5-7029-495A-ACFD-313E26420DC4}.AppStore|iPhoneSimulator.Build.0 = Debug|Any CPU
		{E24C2DD5-7029-495A-ACFD-313E26420DC4}.AppStore|iPhoneSimulator.Deploy.0 = Debug|Any CPU
		{E24C2DD5-7029-495A-ACFD-313E26420DC4}.AppStore|x64.ActiveCfg = Debug|Any CPU
		{E24C2DD5-7029-495A-ACFD-313E26420DC4}.AppStore|x64.Build.0 = Debug|Any CPU
		{E24C2DD5-7029-495A-ACFD-313E26420DC4}.AppStore|x64.Deploy.0 = Debug|Any CPU
		{E24C2DD5-7029-495A-ACFD-313E26420DC4}.AppStore|x86.ActiveCfg = Debug|Any CPU
		{E24C2DD5-7029-495A-ACFD-313E26420DC4}.AppStore|x86.Build.0 = Debug|Any CPU
		{E24C2DD5-7029-495A-ACFD-313E26420DC4}.AppStore|x86.Deploy.0 = Debug|Any CPU
		{E24C2DD5-7029-495A-ACFD-313E26420DC4}.Debug|Any CPU.ActiveCfg = Debug|Any CPU
		{E24C2DD5-7029-495A-ACFD-313E26420DC4}.Debug|Any CPU.Build.0 = Debug|Any CPU
		{E24C2DD5-7029-495A-ACFD-313E26420DC4}.Debug|Any CPU.Deploy.0 = Debug|Any CPU
		{E24C2DD5-7029-495A-ACFD-313E26420DC4}.Debug|ARM.ActiveCfg = Debug|Any CPU
		{E24C2DD5-7029-495A-ACFD-313E26420DC4}.Debug|ARM.Build.0 = Debug|Any CPU
		{E24C2DD5-7029-495A-ACFD-313E26420DC4}.Debug|ARM.Deploy.0 = Debug|Any CPU
		{E24C2DD5-7029-495A-ACFD-313E26420DC4}.Debug|iPhone.ActiveCfg = Debug|Any CPU
		{E24C2DD5-7029-495A-ACFD-313E26420DC4}.Debug|iPhone.Build.0 = Debug|Any CPU
		{E24C2DD5-7029-495A-ACFD-313E26420DC4}.Debug|iPhone.Deploy.0 = Debug|Any CPU
		{E24C2DD5-7029-495A-ACFD-313E26420DC4}.Debug|iPhoneSimulator.ActiveCfg = Debug|Any CPU
		{E24C2DD5-7029-495A-ACFD-313E26420DC4}.Debug|iPhoneSimulator.Build.0 = Debug|Any CPU
		{E24C2DD5-7029-495A-ACFD-313E26420DC4}.Debug|iPhoneSimulator.Deploy.0 = Debug|Any CPU
		{E24C2DD5-7029-495A-ACFD-313E26420DC4}.Debug|x64.ActiveCfg = Debug|Any CPU
		{E24C2DD5-7029-495A-ACFD-313E26420DC4}.Debug|x64.Build.0 = Debug|Any CPU
		{E24C2DD5-7029-495A-ACFD-313E26420DC4}.Debug|x64.Deploy.0 = Debug|Any CPU
		{E24C2DD5-7029-495A-ACFD-313E26420DC4}.Debug|x86.ActiveCfg = Debug|Any CPU
		{E24C2DD5-7029-495A-ACFD-313E26420DC4}.Debug|x86.Build.0 = Debug|Any CPU
		{E24C2DD5-7029-495A-ACFD-313E26420DC4}.Debug|x86.Deploy.0 = Debug|Any CPU
		{E24C2DD5-7029-495A-ACFD-313E26420DC4}.Release|Any CPU.ActiveCfg = Release|Any CPU
		{E24C2DD5-7029-495A-ACFD-313E26420DC4}.Release|Any CPU.Build.0 = Release|Any CPU
		{E24C2DD5-7029-495A-ACFD-313E26420DC4}.Release|Any CPU.Deploy.0 = Release|Any CPU
		{E24C2DD5-7029-495A-ACFD-313E26420DC4}.Release|ARM.ActiveCfg = Release|Any CPU
		{E24C2DD5-7029-495A-ACFD-313E26420DC4}.Release|ARM.Build.0 = Release|Any CPU
		{E24C2DD5-7029-495A-ACFD-313E26420DC4}.Release|ARM.Deploy.0 = Release|Any CPU
		{E24C2DD5-7029-495A-ACFD-313E26420DC4}.Release|iPhone.ActiveCfg = Release|Any CPU
		{E24C2DD5-7029-495A-ACFD-313E26420DC4}.Release|iPhone.Build.0 = Release|Any CPU
		{E24C2DD5-7029-495A-ACFD-313E26420DC4}.Release|iPhone.Deploy.0 = Release|Any CPU
		{E24C2DD5-7029-495A-ACFD-313E26420DC4}.Release|iPhoneSimulator.ActiveCfg = Release|Any CPU
		{E24C2DD5-7029-495A-ACFD-313E26420DC4}.Release|iPhoneSimulator.Build.0 = Release|Any CPU
		{E24C2DD5-7029-495A-ACFD-313E26420DC4}.Release|iPhoneSimulator.Deploy.0 = Release|Any CPU
		{E24C2DD5-7029-495A-ACFD-313E26420DC4}.Release|x64.ActiveCfg = Release|Any CPU
		{E24C2DD5-7029-495A-ACFD-313E26420DC4}.Release|x64.Build.0 = Release|Any CPU
		{E24C2DD5-7029-495A-ACFD-313E26420DC4}.Release|x64.Deploy.0 = Release|Any CPU
		{E24C2DD5-7029-495A-ACFD-313E26420DC4}.Release|x86.ActiveCfg = Release|Any CPU
		{E24C2DD5-7029-495A-ACFD-313E26420DC4}.Release|x86.Build.0 = Release|Any CPU
		{E24C2DD5-7029-495A-ACFD-313E26420DC4}.Release|x86.Deploy.0 = Release|Any CPU
		{A6AACD1E-730D-4792-A3A6-6B705EA2850F}.Ad-Hoc|Any CPU.ActiveCfg = Debug|Any CPU
		{A6AACD1E-730D-4792-A3A6-6B705EA2850F}.Ad-Hoc|Any CPU.Build.0 = Debug|Any CPU
		{A6AACD1E-730D-4792-A3A6-6B705EA2850F}.Ad-Hoc|ARM.ActiveCfg = Debug|Any CPU
		{A6AACD1E-730D-4792-A3A6-6B705EA2850F}.Ad-Hoc|ARM.Build.0 = Debug|Any CPU
		{A6AACD1E-730D-4792-A3A6-6B705EA2850F}.Ad-Hoc|iPhone.ActiveCfg = Debug|Any CPU
		{A6AACD1E-730D-4792-A3A6-6B705EA2850F}.Ad-Hoc|iPhone.Build.0 = Debug|Any CPU
		{A6AACD1E-730D-4792-A3A6-6B705EA2850F}.Ad-Hoc|iPhoneSimulator.ActiveCfg = Debug|Any CPU
		{A6AACD1E-730D-4792-A3A6-6B705EA2850F}.Ad-Hoc|iPhoneSimulator.Build.0 = Debug|Any CPU
		{A6AACD1E-730D-4792-A3A6-6B705EA2850F}.Ad-Hoc|x64.ActiveCfg = Debug|Any CPU
		{A6AACD1E-730D-4792-A3A6-6B705EA2850F}.Ad-Hoc|x64.Build.0 = Debug|Any CPU
		{A6AACD1E-730D-4792-A3A6-6B705EA2850F}.Ad-Hoc|x86.ActiveCfg = Debug|Any CPU
		{A6AACD1E-730D-4792-A3A6-6B705EA2850F}.Ad-Hoc|x86.Build.0 = Debug|Any CPU
		{A6AACD1E-730D-4792-A3A6-6B705EA2850F}.AppStore|Any CPU.ActiveCfg = Debug|Any CPU
		{A6AACD1E-730D-4792-A3A6-6B705EA2850F}.AppStore|Any CPU.Build.0 = Debug|Any CPU
		{A6AACD1E-730D-4792-A3A6-6B705EA2850F}.AppStore|ARM.ActiveCfg = Debug|Any CPU
		{A6AACD1E-730D-4792-A3A6-6B705EA2850F}.AppStore|ARM.Build.0 = Debug|Any CPU
		{A6AACD1E-730D-4792-A3A6-6B705EA2850F}.AppStore|iPhone.ActiveCfg = Debug|Any CPU
		{A6AACD1E-730D-4792-A3A6-6B705EA2850F}.AppStore|iPhone.Build.0 = Debug|Any CPU
		{A6AACD1E-730D-4792-A3A6-6B705EA2850F}.AppStore|iPhoneSimulator.ActiveCfg = Debug|Any CPU
		{A6AACD1E-730D-4792-A3A6-6B705EA2850F}.AppStore|iPhoneSimulator.Build.0 = Debug|Any CPU
		{A6AACD1E-730D-4792-A3A6-6B705EA2850F}.AppStore|x64.ActiveCfg = Debug|Any CPU
		{A6AACD1E-730D-4792-A3A6-6B705EA2850F}.AppStore|x64.Build.0 = Debug|Any CPU
		{A6AACD1E-730D-4792-A3A6-6B705EA2850F}.AppStore|x86.ActiveCfg = Debug|Any CPU
		{A6AACD1E-730D-4792-A3A6-6B705EA2850F}.AppStore|x86.Build.0 = Debug|Any CPU
		{A6AACD1E-730D-4792-A3A6-6B705EA2850F}.Debug|Any CPU.ActiveCfg = Debug|Any CPU
		{A6AACD1E-730D-4792-A3A6-6B705EA2850F}.Debug|Any CPU.Build.0 = Debug|Any CPU
		{A6AACD1E-730D-4792-A3A6-6B705EA2850F}.Debug|ARM.ActiveCfg = Debug|Any CPU
		{A6AACD1E-730D-4792-A3A6-6B705EA2850F}.Debug|ARM.Build.0 = Debug|Any CPU
		{A6AACD1E-730D-4792-A3A6-6B705EA2850F}.Debug|iPhone.ActiveCfg = Debug|Any CPU
		{A6AACD1E-730D-4792-A3A6-6B705EA2850F}.Debug|iPhone.Build.0 = Debug|Any CPU
		{A6AACD1E-730D-4792-A3A6-6B705EA2850F}.Debug|iPhoneSimulator.ActiveCfg = Debug|Any CPU
		{A6AACD1E-730D-4792-A3A6-6B705EA2850F}.Debug|iPhoneSimulator.Build.0 = Debug|Any CPU
		{A6AACD1E-730D-4792-A3A6-6B705EA2850F}.Debug|x64.ActiveCfg = Debug|Any CPU
		{A6AACD1E-730D-4792-A3A6-6B705EA2850F}.Debug|x64.Build.0 = Debug|Any CPU
		{A6AACD1E-730D-4792-A3A6-6B705EA2850F}.Debug|x86.ActiveCfg = Debug|Any CPU
		{A6AACD1E-730D-4792-A3A6-6B705EA2850F}.Debug|x86.Build.0 = Debug|Any CPU
		{A6AACD1E-730D-4792-A3A6-6B705EA2850F}.Release|Any CPU.ActiveCfg = Release|Any CPU
		{A6AACD1E-730D-4792-A3A6-6B705EA2850F}.Release|Any CPU.Build.0 = Release|Any CPU
		{A6AACD1E-730D-4792-A3A6-6B705EA2850F}.Release|ARM.ActiveCfg = Release|Any CPU
		{A6AACD1E-730D-4792-A3A6-6B705EA2850F}.Release|ARM.Build.0 = Release|Any CPU
		{A6AACD1E-730D-4792-A3A6-6B705EA2850F}.Release|iPhone.ActiveCfg = Release|Any CPU
		{A6AACD1E-730D-4792-A3A6-6B705EA2850F}.Release|iPhone.Build.0 = Release|Any CPU
		{A6AACD1E-730D-4792-A3A6-6B705EA2850F}.Release|iPhoneSimulator.ActiveCfg = Release|Any CPU
		{A6AACD1E-730D-4792-A3A6-6B705EA2850F}.Release|iPhoneSimulator.Build.0 = Release|Any CPU
		{A6AACD1E-730D-4792-A3A6-6B705EA2850F}.Release|x64.ActiveCfg = Release|Any CPU
		{A6AACD1E-730D-4792-A3A6-6B705EA2850F}.Release|x64.Build.0 = Release|Any CPU
		{A6AACD1E-730D-4792-A3A6-6B705EA2850F}.Release|x86.ActiveCfg = Release|Any CPU
		{A6AACD1E-730D-4792-A3A6-6B705EA2850F}.Release|x86.Build.0 = Release|Any CPU
	EndGlobalSection
	GlobalSection(SolutionProperties) = preSolution
		HideSolutionNode = FALSE
	EndGlobalSection
	GlobalSection(ExtensibilityGlobals) = postSolution
		SolutionGuid = {2A2CF80F-84C2-4EF1-B3A9-75430E07177A}
	EndGlobalSection
EndGlobal
